
Microsoft Visual Studio Solution File, Format Version 12.00
# Visual Studio Version 17
VisualStudioVersion = 17.5.33502.453
MinimumVisualStudioVersion = 10.0.40219.1
Project("{9A19103F-16F7-4668-BE54-9A1E7A4F7556}") = "AppAPI", "AppAPI\AppAPI.csproj", "{B87EC22C-55AB-42E1-84AE-91FDA138C3C8}"
EndProject
Project("{9A19103F-16F7-4668-BE54-9A1E7A4F7556}") = "AppData", "AppData\AppData.csproj", "{59F492D0-A533-46BC-A1D8-4759692F0E65}"
EndProject
Project("{9A19103F-16F7-4668-BE54-9A1E7A4F7556}") = "AppView", "AppView\AppView.csproj", "{1C338050-F6C8-46AE-A8C3-F04387FB7814}"
EndProject
Global
	GlobalSection(SolutionConfigurationPlatforms) = preSolution
		Debug|Any CPU = Debug|Any CPU
		Release|Any CPU = Release|Any CPU
	EndGlobalSection
	GlobalSection(ProjectConfigurationPlatforms) = postSolution
		{B87EC22C-55AB-42E1-84AE-91FDA138C3C8}.Debug|Any CPU.ActiveCfg = Debug|Any CPU
		{B87EC22C-55AB-42E1-84AE-91FDA138C3C8}.Debug|Any CPU.Build.0 = Debug|Any CPU
		{B87EC22C-55AB-42E1-84AE-91FDA138C3C8}.Release|Any CPU.ActiveCfg = Release|Any CPU
		{B87EC22C-55AB-42E1-84AE-91FDA138C3C8}.Release|Any CPU.Build.0 = Release|Any CPU
		{59F492D0-A533-46BC-A1D8-4759692F0E65}.Debug|Any CPU.ActiveCfg = Debug|Any CPU
		{59F492D0-A533-46BC-A1D8-4759692F0E65}.Debug|Any CPU.Build.0 = Debug|Any CPU
		{59F492D0-A533-46BC-A1D8-4759692F0E65}.Release|Any CPU.ActiveCfg = Release|Any CPU
		{59F492D0-A533-46BC-A1D8-4759692F0E65}.Release|Any CPU.Build.0 = Release|Any CPU
		{1C338050-F6C8-46AE-A8C3-F04387FB7814}.Debug|Any CPU.ActiveCfg = Debug|Any CPU
		{1C338050-F6C8-46AE-A8C3-F04387FB7814}.Debug|Any CPU.Build.0 = Debug|Any CPU
		{1C338050-F6C8-46AE-A8C3-F04387FB7814}.Release|Any CPU.ActiveCfg = Release|Any CPU
		{1C338050-F6C8-46AE-A8C3-F04387FB7814}.Release|Any CPU.Build.0 = Release|Any CPU
	EndGlobalSection
	GlobalSection(SolutionProperties) = preSolution
		HideSolutionNode = FALSE
	EndGlobalSection
	GlobalSection(ExtensibilityGlobals) = postSolution
		SolutionGuid = {A3AC6A6F-599D-4963-8CA8-46272DF3D424}
	EndGlobalSection
EndGlobal
